
Microsoft Visual Studio Solution File, Format Version 12.00
# Visual Studio Version 16
VisualStudioVersion = 16.0.31105.61
MinimumVisualStudioVersion = 10.0.40219.1
Project("{FAE04EC0-301F-11D3-BF4B-00C04F79EFBC}") = "Complex Numbers", "Complex Numbers.csproj", "{90D3CA56-B244-4B8F-8FE5-69C5A94D2C4E}"
EndProject
Global
	GlobalSection(SolutionConfigurationPlatforms) = preSolution
		Debug|Any CPU = Debug|Any CPU
		Release|Any CPU = Release|Any CPU
	EndGlobalSection
	GlobalSection(ProjectConfigurationPlatforms) = postSolution
		{90D3CA56-B244-4B8F-8FE5-69C5A94D2C4E}.Debug|Any CPU.ActiveCfg = Debug|Any CPU
		{90D3CA56-B244-4B8F-8FE5-69C5A94D2C4E}.Debug|Any CPU.Build.0 = Debug|Any CPU
		{90D3CA56-B244-4B8F-8FE5-69C5A94D2C4E}.Release|Any CPU.ActiveCfg = Release|Any CPU
		{90D3CA56-B244-4B8F-8FE5-69C5A94D2C4E}.Release|Any CPU.Build.0 = Release|Any CPU
	EndGlobalSection
	GlobalSection(SolutionProperties) = preSolution
		HideSolutionNode = FALSE
	EndGlobalSection
	GlobalSection(ExtensibilityGlobals) = postSolution
		SolutionGuid = {3867D3A0-362D-4030-AE4B-17168676A946}
	EndGlobalSection
EndGlobal
